
Microsoft Visual Studio Solution File, Format Version 12.00
# Visual Studio Version 16
VisualStudioVersion = 16.0.31019.35
MinimumVisualStudioVersion = 10.0.40219.1
Project("{FAE04EC0-301F-11D3-BF4B-00C04F79EFBC}") = "PerfTest", "PerfTest\PerfTest.csproj", "{D01C995E-2DE1-4CFC-BE05-FBBD722E20FA}"
EndProject
Project("{FAE04EC0-301F-11D3-BF4B-00C04F79EFBC}") = "LabNet", "LabNet\LabNet.csproj", "{4A2E7E69-10D0-4367-A684-260482EA7903}"
EndProject
Global
	GlobalSection(SolutionConfigurationPlatforms) = preSolution
		Debug|Any CPU = Debug|Any CPU
		Release|Any CPU = Release|Any CPU
	EndGlobalSection
	GlobalSection(ProjectConfigurationPlatforms) = postSolution
		{D01C995E-2DE1-4CFC-BE05-FBBD722E20FA}.Debug|Any CPU.ActiveCfg = Debug|Any CPU
		{D01C995E-2DE1-4CFC-BE05-FBBD722E20FA}.Debug|Any CPU.Build.0 = Debug|Any CPU
		{D01C995E-2DE1-4CFC-BE05-FBBD722E20FA}.Release|Any CPU.ActiveCfg = Release|Any CPU
		{D01C995E-2DE1-4CFC-BE05-FBBD722E20FA}.Release|Any CPU.Build.0 = Release|Any CPU
		{4A2E7E69-10D0-4367-A684-260482EA7903}.Debug|Any CPU.ActiveCfg = Debug|Any CPU
		{4A2E7E69-10D0-4367-A684-260482EA7903}.Debug|Any CPU.Build.0 = Debug|Any CPU
		{4A2E7E69-10D0-4367-A684-260482EA7903}.Release|Any CPU.ActiveCfg = Release|Any CPU
		{4A2E7E69-10D0-4367-A684-260482EA7903}.Release|Any CPU.Build.0 = Release|Any CPU
	EndGlobalSection
	GlobalSection(SolutionProperties) = preSolution
		HideSolutionNode = FALSE
	EndGlobalSection
	GlobalSection(ExtensibilityGlobals) = postSolution
		SolutionGuid = {5A5D7C90-2858-48EE-8540-8E6ED2C9FB97}
	EndGlobalSection
EndGlobal
